
Microsoft Visual Studio Solution File, Format Version 12.00
# Visual Studio 15
VisualStudioVersion = 15.0.28010.2026
MinimumVisualStudioVersion = 10.0.40219.1
Project("{FAE04EC0-301F-11D3-BF4B-00C04F79EFBC}") = "ERP_System_Dymol", "ERP_System_Dymol\ERP_System_Dymol.csproj", "{A6615E67-6DF1-4936-BDDF-88C2A14C2990}"
EndProject
Global
	GlobalSection(SolutionConfigurationPlatforms) = preSolution
		Debug|Any CPU = Debug|Any CPU
		Release|Any CPU = Release|Any CPU
	EndGlobalSection
	GlobalSection(ProjectConfigurationPlatforms) = postSolution
		{A6615E67-6DF1-4936-BDDF-88C2A14C2990}.Debug|Any CPU.ActiveCfg = Debug|Any CPU
		{A6615E67-6DF1-4936-BDDF-88C2A14C2990}.Debug|Any CPU.Build.0 = Debug|Any CPU
		{A6615E67-6DF1-4936-BDDF-88C2A14C2990}.Release|Any CPU.ActiveCfg = Release|Any CPU
		{A6615E67-6DF1-4936-BDDF-88C2A14C2990}.Release|Any CPU.Build.0 = Release|Any CPU
	EndGlobalSection
	GlobalSection(SolutionProperties) = preSolution
		HideSolutionNode = FALSE
	EndGlobalSection
	GlobalSection(ExtensibilityGlobals) = postSolution
		SolutionGuid = {CBD4719A-5D1A-4B51-B7BD-7F516B7FD678}
	EndGlobalSection
EndGlobal
